
Microsoft Visual Studio Solution File, Format Version 12.00
# Visual Studio Version 17
VisualStudioVersion = 17.5.33530.505
MinimumVisualStudioVersion = 10.0.40219.1
Project("{FAE04EC0-301F-11D3-BF4B-00C04F79EFBC}") = "FirstTryChainsaw", "FirstTryChainsaw.csproj", "{883C5454-2710-477A-9BBB-6834A83C0393}"
EndProject
Global
	GlobalSection(SolutionConfigurationPlatforms) = preSolution
		Debug|Any CPU = Debug|Any CPU
		Release|Any CPU = Release|Any CPU
	EndGlobalSection
	GlobalSection(ProjectConfigurationPlatforms) = postSolution
		{883C5454-2710-477A-9BBB-6834A83C0393}.Debug|Any CPU.ActiveCfg = Debug|Any CPU
		{883C5454-2710-477A-9BBB-6834A83C0393}.Debug|Any CPU.Build.0 = Debug|Any CPU
		{883C5454-2710-477A-9BBB-6834A83C0393}.Release|Any CPU.ActiveCfg = Release|Any CPU
		{883C5454-2710-477A-9BBB-6834A83C0393}.Release|Any CPU.Build.0 = Release|Any CPU
	EndGlobalSection
	GlobalSection(SolutionProperties) = preSolution
		HideSolutionNode = FALSE
	EndGlobalSection
	GlobalSection(ExtensibilityGlobals) = postSolution
		SolutionGuid = {22E4DF8B-CAA1-4165-B361-D088BE5D70F3}
	EndGlobalSection
EndGlobal
